
Microsoft Visual Studio Solution File, Format Version 12.00
# Visual Studio 14
VisualStudioVersion = 14.0.25420.1
MinimumVisualStudioVersion = 10.0.40219.1
Project("{FAE04EC0-301F-11D3-BF4B-00C04F79EFBC}") = "PNG to JPG Bulk Converter", "PNG to JPG Bulk Converter\PNG to JPG Bulk Converter.csproj", "{B187ACBA-2414-4625-AD7B-BB317587D1A4}"
EndProject
Global
	GlobalSection(SolutionConfigurationPlatforms) = preSolution
		Debug|Any CPU = Debug|Any CPU
		Release|Any CPU = Release|Any CPU
	EndGlobalSection
	GlobalSection(ProjectConfigurationPlatforms) = postSolution
		{B187ACBA-2414-4625-AD7B-BB317587D1A4}.Debug|Any CPU.ActiveCfg = Debug|Any CPU
		{B187ACBA-2414-4625-AD7B-BB317587D1A4}.Debug|Any CPU.Build.0 = Debug|Any CPU
		{B187ACBA-2414-4625-AD7B-BB317587D1A4}.Release|Any CPU.ActiveCfg = Release|Any CPU
		{B187ACBA-2414-4625-AD7B-BB317587D1A4}.Release|Any CPU.Build.0 = Release|Any CPU
	EndGlobalSection
	GlobalSection(SolutionProperties) = preSolution
		HideSolutionNode = FALSE
	EndGlobalSection
EndGlobal
